<?xml version="1.0" encoding="utf-8"?>
<Project ToolsVersion="4.0" xmlns="http://schemas.microsoft.com/developer/msbuild/2003">
  <ItemGroup>
    <Filter Include="Problems">
      <UniqueIdentifier>{67DA6AB6-F800-4c08-8B7A-83BB121AAD01}</UniqueIdentifier>
      <Extensions>rc;ico;cur;bmp;dlg;rc2;rct;bin;rgs;gif;jpg;jpeg;jpe;resx;tiff;tif;png;wav;mfcribbon-ms</Extensions>
    </Filter>
    <Filter Include="Main">
      <UniqueIdentifier>{4FC737F1-C7A5-4376-A066-2A32D752A2FF}</UniqueIdentifier>
      <Extensions>cpp;c;cc;cxx;c++;cppm;ixx;def;odl;idl;hpj;bat;asm;asmx</Extensions>
    </Filter>
    <Filter Include="ProblemsCollectionHeader">
      <UniqueIdentifier>{86d55e3f-ccab-4ba7-9423-5eb929a140c2}</UniqueIdentifier>
    </Filter>
  </ItemGroup>
  <ItemGroup>
    <ClCompile Include="Problems\CheckIdentityMatrix.cpp">
      <Filter>Problems</Filter>
    </ClCompile>
    <ClCompile Include="Problems\CheckMatricesEquality.cpp">
      <Filter>Problems</Filter>
    </ClCompile>
    <ClCompile Include="Problems\CheckScalarMatrix.cpp">
      <Filter>Problems</Filter>
    </ClCompile>
    <ClCompile Include="Problems\CheckSparseMatrix.cpp">
      <Filter>Problems</Filter>
    </ClCompile>
    <ClCompile Include="Problems\CheckTypicalMatrices.cpp">
      <Filter>Problems</Filter>
    </ClCompile>
    <ClCompile Include="Problems\CountNumberInMatrix.cpp">
      <Filter>Problems</Filter>
    </ClCompile>
    <ClCompile Include="Problems\IntersectedNumbersInMatrices.cpp">
      <Filter>Problems</Filter>
    </ClCompile>
    <ClCompile Include="Problems\Min_MaxNumberInMatrix.cpp">
      <Filter>Problems</Filter>
    </ClCompile>
    <ClCompile Include="Problems\MultiplyTwoMatrices.cpp">
      <Filter>Problems</Filter>
    </ClCompile>
    <ClCompile Include="Problems\NumberExistsInMatrix.cpp">
      <Filter>Problems</Filter>
    </ClCompile>
    <ClCompile Include="Problems\OrderedMatrix3x3.cpp">
      <Filter>Problems</Filter>
    </ClCompile>
    <ClCompile Include="Problems\PalindomeMatrix.cpp">
      <Filter>Problems</Filter>
    </ClCompile>
    <ClCompile Include="Problems\PrintMiddleRowAndColOfMatrix.cpp">
      <Filter>Problems</Filter>
    </ClCompile>
    <ClCompile Include="Problems\RandomMatrix3x3.cpp">
      <Filter>Problems</Filter>
    </ClCompile>
    <ClCompile Include="Problems\SumEachColInMatrix.cpp">
      <Filter>Problems</Filter>
    </ClCompile>
    <ClCompile Include="Problems\SumEachColInMatrixInArray.cpp">
      <Filter>Problems</Filter>
    </ClCompile>
    <ClCompile Include="Problems\SumEachRowInMatrix.cpp">
      <Filter>Problems</Filter>
    </ClCompile>
    <ClCompile Include="Problems\SumEachRowInMatrixInArray.cpp">
      <Filter>Problems</Filter>
    </ClCompile>
    <ClCompile Include="Problems\SumOfMatrix.cpp">
      <Filter>Problems</Filter>
    </ClCompile>
    <ClCompile Include="Problems\TransposeMatrix.cpp">
      <Filter>Problems</Filter>
    </ClCompile>
    <ClCompile Include="Main\Main.cpp">
      <Filter>Main</Filter>
    </ClCompile>
  </ItemGroup>
  <ItemGroup>
    <ClInclude Include="ProblemsCollectionHeader\ProblemsCollectionHeader.h">
      <Filter>ProblemsCollectionHeader</Filter>
    </ClInclude>
  </ItemGroup>
</Project>