<?xml version="1.0" encoding="utf-8"?>
<Project ToolsVersion="4.0" xmlns="http://schemas.microsoft.com/developer/msbuild/2003">
  <ItemGroup>
    <Filter Include="Problems">
      <UniqueIdentifier>{67DA6AB6-F800-4c08-8B7A-83BB121AAD01}</UniqueIdentifier>
      <Extensions>rc;ico;cur;bmp;dlg;rc2;rct;bin;rgs;gif;jpg;jpeg;jpe;resx;tiff;tif;png;wav;mfcribbon-ms</Extensions>
    </Filter>
    <Filter Include="Main">
      <UniqueIdentifier>{4FC737F1-C7A5-4376-A066-2A32D752A2FF}</UniqueIdentifier>
      <Extensions>cpp;c;cc;cxx;c++;cppm;ixx;def;odl;idl;hpj;bat;asm;asmx</Extensions>
    </Filter>
    <Filter Include="ProblemsCollectionHeader">
      <UniqueIdentifier>{d4cef060-e3dd-42cc-a44a-453c85123070}</UniqueIdentifier>
    </Filter>
  </ItemGroup>
  <ItemGroup>
    <ClCompile Include="Problems\InvertedLetterPattern.cpp">
      <Filter>Problems</Filter>
    </ClCompile>
    <ClCompile Include="Problems\InvertedNumberPattern.cpp">
      <Filter>Problems</Filter>
    </ClCompile>
    <ClCompile Include="Problems\LetterPattern.cpp">
      <Filter>Problems</Filter>
    </ClCompile>
    <ClCompile Include="Problems\NumberPattern.cpp">
      <Filter>Problems</Filter>
    </ClCompile>
    <ClCompile Include="Problems\PrintMultiplicationTableFrom1To10.cpp">
      <Filter>Problems</Filter>
    </ClCompile>
    <ClCompile Include="Problems\NumberToText.cpp">
      <Filter>Problems</Filter>
    </ClCompile>
    <ClCompile Include="Problems\GradeA_B_C_D_E_F.cpp">
      <Filter>Problems</Filter>
    </ClCompile>
    <ClCompile Include="Problems\DayOfWeek.cpp">
      <Filter>Problems</Filter>
    </ClCompile>
    <ClCompile Include="Problems\MonthOfYear.cpp">
      <Filter>Problems</Filter>
    </ClCompile>
    <ClCompile Include="Problems\AAtoZZ.cpp">
      <Filter>Problems</Filter>
    </ClCompile>
    <ClCompile Include="Problems\TriangleFrom1To10Ascending.cpp">
      <Filter>Problems</Filter>
    </ClCompile>
    <ClCompile Include="Problems\TriangleFromAtoZAscending.cpp">
      <Filter>Problems</Filter>
    </ClCompile>
    <ClCompile Include="Problems\TriangleOfStarsAscending.cpp">
      <Filter>Problems</Filter>
    </ClCompile>
    <ClCompile Include="Problems\TriangleOfStarsDescending.cpp">
      <Filter>Problems</Filter>
    </ClCompile>
    <ClCompile Include="Problems\PrintLettersFromAtoZ.cpp">
      <Filter>Problems</Filter>
    </ClCompile>
    <ClCompile Include="Problems\PrintNumbersFrom1ToN.cpp">
      <Filter>Problems</Filter>
    </ClCompile>
    <ClCompile Include="Problems\PrintNumbersFromNto1.cpp">
      <Filter>Problems</Filter>
    </ClCompile>
    <ClCompile Include="Problems\AAAtoZZZ.cpp">
      <Filter>Problems</Filter>
    </ClCompile>
    <ClCompile Include="Main\Main.cpp">
      <Filter>Main</Filter>
    </ClCompile>
  </ItemGroup>
  <ItemGroup>
    <ClInclude Include="ProblemsCollectionHeader\ProblemsCollectionHeader.h">
      <Filter>ProblemsCollectionHeader</Filter>
    </ClInclude>
  </ItemGroup>
</Project>