<?xml version="1.0" encoding="utf-8"?>
<Project ToolsVersion="4.0" xmlns="http://schemas.microsoft.com/developer/msbuild/2003">
  <ItemGroup>
    <Filter Include="Main">
      <UniqueIdentifier>{ced02d35-fc30-485c-92b7-04e4d05b0e64}</UniqueIdentifier>
    </Filter>
    <Filter Include="Problems">
      <UniqueIdentifier>{330ad543-592e-442f-a826-5718d2519580}</UniqueIdentifier>
    </Filter>
    <Filter Include="ProblemsCollectionHeader">
      <UniqueIdentifier>{7730d666-4336-4311-a7a0-44630553b7bd}</UniqueIdentifier>
    </Filter>
  </ItemGroup>
  <ItemGroup>
    <ClCompile Include="Problems\AverageOf3Marks.cpp">
      <Filter>Problems</Filter>
    </ClCompile>
    <ClCompile Include="Problems\LoanInstalmentMonths.cpp">
      <Filter>Problems</Filter>
    </ClCompile>
    <ClCompile Include="Problems\MonthlyLoanInstallment.cpp">
      <Filter>Problems</Filter>
    </ClCompile>
    <ClCompile Include="Problems\PayRemainder.cpp">
      <Filter>Problems</Filter>
    </ClCompile>
    <ClCompile Include="Problems\PiggyBankCalculator.cpp">
      <Filter>Problems</Filter>
    </ClCompile>
    <ClCompile Include="Problems\ServiceFeeandSalesTax.cpp">
      <Filter>Problems</Filter>
    </ClCompile>
    <ClCompile Include="Problems\SumOf3Numbers.cpp">
      <Filter>Problems</Filter>
    </ClCompile>
    <ClCompile Include="Problems\TriangleArea.cpp">
      <Filter>Problems</Filter>
    </ClCompile>
    <ClCompile Include="Problems\CircleArea.cpp">
      <Filter>Problems</Filter>
    </ClCompile>
    <ClCompile Include="Problems\CircleAreaAlongTheCircumference.cpp">
      <Filter>Problems</Filter>
    </ClCompile>
    <ClCompile Include="Problems\CircleAreaCircleDescribedAroundAnArbitraryTriangle.cpp">
      <Filter>Problems</Filter>
    </ClCompile>
    <ClCompile Include="Problems\CircleAreaInscribedInAnIsoscelesTriangle.cpp">
      <Filter>Problems</Filter>
    </ClCompile>
    <ClCompile Include="Problems\CircleAreaInscribedInSquare.cpp">
      <Filter>Problems</Filter>
    </ClCompile>
    <ClCompile Include="Problems\CircleAreaThroughDiameter.cpp">
      <Filter>Problems</Filter>
    </ClCompile>
    <ClCompile Include="Problems\PowerOf2_3_4.cpp">
      <Filter>Problems</Filter>
    </ClCompile>
    <ClCompile Include="Problems\RectangleArea.cpp">
      <Filter>Problems</Filter>
    </ClCompile>
    <ClCompile Include="Problems\RectangleAreaThroughDiagonalAndSide.cpp">
      <Filter>Problems</Filter>
    </ClCompile>
    <ClCompile Include="Problems\SecondsToDays_Hours_Minutes_Seconds.cpp">
      <Filter>Problems</Filter>
    </ClCompile>
    <ClCompile Include="Problems\Swap2Numbers.cpp">
      <Filter>Problems</Filter>
    </ClCompile>
    <ClCompile Include="Problems\TaskDurationInSeconds.cpp">
      <Filter>Problems</Filter>
    </ClCompile>
    <ClCompile Include="Problems\CheckAveragePassOrFail.cpp">
      <Filter>Problems</Filter>
    </ClCompile>
    <ClCompile Include="Problems\HireOrDriver.cpp">
      <Filter>Problems</Filter>
    </ClCompile>
    <ClCompile Include="Problems\PassOrFail.cpp">
      <Filter>Problems</Filter>
    </ClCompile>
    <ClCompile Include="Problems\ValidateAgeBetween18And45.cpp">
      <Filter>Problems</Filter>
    </ClCompile>
    <ClCompile Include="Problems\CommissionPercentage.cpp">
      <Filter>Problems</Filter>
    </ClCompile>
    <ClCompile Include="Problems\DayOfWeek.cpp">
      <Filter>Problems</Filter>
    </ClCompile>
    <ClCompile Include="Problems\MonthOfYear.cpp">
      <Filter>Problems</Filter>
    </ClCompile>
    <ClCompile Include="Problems\SimpleCalculator.cpp">
      <Filter>Problems</Filter>
    </ClCompile>
    <ClCompile Include="Problems\FactorialOfN.cpp">
      <Filter>Problems</Filter>
    </ClCompile>
    <ClCompile Include="Problems\PowerOfM.cpp">
      <Filter>Problems</Filter>
    </ClCompile>
    <ClCompile Include="Problems\SumUntilMinus99.cpp">
      <Filter>Problems</Filter>
    </ClCompile>
    <ClCompile Include="Problems\Random3NumbersBetween1To10.cpp">
      <Filter>Problems</Filter>
    </ClCompile>
    <ClCompile Include="Problems\MyABS.cpp">
      <Filter>Problems</Filter>
    </ClCompile>
    <ClCompile Include="Problems\MyCeil.cpp">
      <Filter>Problems</Filter>
    </ClCompile>
    <ClCompile Include="Problems\MyFloor.cpp">
      <Filter>Problems</Filter>
    </ClCompile>
    <ClCompile Include="Problems\MyRound.cpp">
      <Filter>Problems</Filter>
    </ClCompile>
    <ClCompile Include="Problems\FibonacciSeries.cpp">
      <Filter>Problems</Filter>
    </ClCompile>
    <ClCompile Include="Problems\FibonacciSeriesWithRecursion.cpp">
      <Filter>Problems</Filter>
    </ClCompile>
    <ClCompile Include="ProblemsCollectionHeader\ProblemsCollectionHeader.h">
      <Filter>ProblemsCollectionHeader</Filter>
    </ClCompile>
    <ClCompile Include="Problems\PrintSumEvenNumbersFrom1ToN.cpp">
      <Filter>Problems</Filter>
    </ClCompile>
    <ClCompile Include="Problems\PrintSumOddNumbersFrom1ToN.cpp">
      <Filter>Problems</Filter>
    </ClCompile>
    <ClCompile Include="Main\Main.cpp">
      <Filter>Main</Filter>
    </ClCompile>
  </ItemGroup>
</Project>