<?xml version="1.0" encoding="utf-8"?>
<Project ToolsVersion="4.0" xmlns="http://schemas.microsoft.com/developer/msbuild/2003">
  <ItemGroup>
    <Filter Include="Main">
      <UniqueIdentifier>{4c32553c-a409-4317-83c1-148e94b2301c}</UniqueIdentifier>
    </Filter>
    <Filter Include="Problems">
      <UniqueIdentifier>{faba535c-b2b9-4592-8c96-8fa4461728e5}</UniqueIdentifier>
    </Filter>
    <Filter Include="ProblemsCollectionHeader">
      <UniqueIdentifier>{1faecd1b-4d35-414c-ab57-22e35cebaeea}</UniqueIdentifier>
    </Filter>
  </ItemGroup>
  <ItemGroup>
    <ClCompile Include="Problems\AddArrayElementSimiDynamic.cpp">
      <Filter>Problems</Filter>
    </ClCompile>
    <ClCompile Include="Problems\AverageOfRandomArray.cpp">
      <Filter>Problems</Filter>
    </ClCompile>
    <ClCompile Include="Problems\CheckNumberInArray.cpp">
      <Filter>Problems</Filter>
    </ClCompile>
    <ClCompile Include="Problems\CheckPalindromeArray.cpp">
      <Filter>Problems</Filter>
    </ClCompile>
    <ClCompile Include="Problems\CopyArray.cpp">
      <Filter>Problems</Filter>
    </ClCompile>
    <ClCompile Include="Problems\CopyArrayInReverseOrder.cpp">
      <Filter>Problems</Filter>
    </ClCompile>
    <ClCompile Include="Problems\CopyArrayUsingAddArrayElement.cpp">
      <Filter>Problems</Filter>
    </ClCompile>
    <ClCompile Include="Problems\CopyDistinctNembers.cpp">
      <Filter>Problems</Filter>
    </ClCompile>
    <ClCompile Include="Problems\CopyOnlyPrimeNumbers.cpp">
      <Filter>Problems</Filter>
    </ClCompile>
    <ClCompile Include="Problems\CountEvenNumbersInArray.cpp">
      <Filter>Problems</Filter>
    </ClCompile>
    <ClCompile Include="Problems\CountNegativeNumbersInArray.cpp">
      <Filter>Problems</Filter>
    </ClCompile>
    <ClCompile Include="Problems\CountOddNumbersInArray.cpp">
      <Filter>Problems</Filter>
    </ClCompile>
    <ClCompile Include="Problems\CountPositiveNumbersInArray.cpp">
      <Filter>Problems</Filter>
    </ClCompile>
    <ClCompile Include="Problems\FillArrayWithKeys.cpp">
      <Filter>Problems</Filter>
    </ClCompile>
    <ClCompile Include="Problems\FillArrayWithRandomNumbersFrom1To100.cpp">
      <Filter>Problems</Filter>
    </ClCompile>
    <ClCompile Include="Problems\MaxOfRandomArray.cpp">
      <Filter>Problems</Filter>
    </ClCompile>
    <ClCompile Include="Problems\MinOfRandomArray.cpp">
      <Filter>Problems</Filter>
    </ClCompile>
    <ClCompile Include="Problems\RepeatedElementInArray.cpp">
      <Filter>Problems</Filter>
    </ClCompile>
    <ClCompile Include="Problems\ReturnNumberIndexAndOrderInArray.cpp">
      <Filter>Problems</Filter>
    </ClCompile>
    <ClCompile Include="Problems\ShuffleOrdredArray.cpp">
      <Filter>Problems</Filter>
    </ClCompile>
    <ClCompile Include="Problems\SumOf2ArraysOn3rdOne.cpp">
      <Filter>Problems</Filter>
    </ClCompile>
    <ClCompile Include="Main\Main.cpp">
      <Filter>Main</Filter>
    </ClCompile>
  </ItemGroup>
  <ItemGroup>
    <ClInclude Include="ProblemsCollectionHeader\ProblemsCollectionHeader.h">
      <Filter>ProblemsCollectionHeader</Filter>
    </ClInclude>
  </ItemGroup>
</Project>