<?xml version="1.0" encoding="utf-8"?>
<Project ToolsVersion="4.0" xmlns="http://schemas.microsoft.com/developer/msbuild/2003">
  <ItemGroup>
    <Filter Include="Main">
      <UniqueIdentifier>{da069b87-b21e-4426-99e3-5a6d673b56a3}</UniqueIdentifier>
    </Filter>
    <Filter Include="Problems">
      <UniqueIdentifier>{13f1fa1b-02db-4f01-9ab7-e55773dcb29e}</UniqueIdentifier>
    </Filter>
    <Filter Include="ProblemsCollectionHeader">
      <UniqueIdentifier>{73905330-3f52-4cc2-b694-4a5b6cd0c65e}</UniqueIdentifier>
    </Filter>
  </ItemGroup>
  <ItemGroup>
    <ClCompile Include="Problems\AddDayesToDate.cpp">
      <Filter>Problems</Filter>
    </ClCompile>
    <ClCompile Include="Problems\CalculateVacationDays.cpp">
      <Filter>Problems</Filter>
    </ClCompile>
    <ClCompile Include="Problems\CalculateVacationReturnDate.cpp">
      <Filter>Problems</Filter>
    </ClCompile>
    <ClCompile Include="Problems\CheckDate1AfterDate2.cpp">
      <Filter>Problems</Filter>
    </ClCompile>
    <ClCompile Include="Problems\CheckDate1EqualsDate2.cpp">
      <Filter>Problems</Filter>
    </ClCompile>
    <ClCompile Include="Problems\CheckDate1LessThanDate2.cpp">
      <Filter>Problems</Filter>
    </ClCompile>
    <ClCompile Include="Problems\CheckLeapYear.cpp">
      <Filter>Problems</Filter>
    </ClCompile>
    <ClCompile Include="Problems\CompareDateFunction.cpp">
      <Filter>Problems</Filter>
    </ClCompile>
    <ClCompile Include="Problems\DateFromDayOrderInAYear.cpp">
      <Filter>Problems</Filter>
    </ClCompile>
    <ClCompile Include="Problems\DaysFromTheBeginningOfYear.cpp">
      <Filter>Problems</Filter>
    </ClCompile>
    <ClCompile Include="Problems\DecreaseDate.cpp">
      <Filter>Problems</Filter>
    </ClCompile>
    <ClCompile Include="Problems\DiffInDays.cpp">
      <Filter>Problems</Filter>
    </ClCompile>
    <ClCompile Include="Problems\FormatDate.cpp">
      <Filter>Problems</Filter>
    </ClCompile>
    <ClCompile Include="Problems\GetDayName.cpp">
      <Filter>Problems</Filter>
    </ClCompile>
    <ClCompile Include="Problems\IncreaseDateByOneDay.cpp">
      <Filter>Problems</Filter>
    </ClCompile>
    <ClCompile Include="Problems\IncreaseDate.cpp">
      <Filter>Problems</Filter>
    </ClCompile>
    <ClCompile Include="Problems\LastDay_LastMonth.cpp">
      <Filter>Problems</Filter>
    </ClCompile>
    <ClCompile Include="Problems\MonthCalendar.cpp">
      <Filter>Problems</Filter>
    </ClCompile>
    <ClCompile Include="Problems\NumberOfDays_Hours_Minutes_SecondsInAMonth.cpp">
      <Filter>Problems</Filter>
    </ClCompile>
    <ClCompile Include="Problems\NumberOfDays_Hours_Minutes_SecondsInAYear.cpp">
      <Filter>Problems</Filter>
    </ClCompile>
    <ClCompile Include="Problems\Read_PrintDateString.cpp">
      <Filter>Problems</Filter>
    </ClCompile>
    <ClCompile Include="Problems\ValidateDate.cpp">
      <Filter>Problems</Filter>
    </ClCompile>
    <ClCompile Include="Problems\WeekendsAndBusinessDayscpp.cpp">
      <Filter>Problems</Filter>
    </ClCompile>
    <ClCompile Include="Problems\YearCalendar.cpp">
      <Filter>Problems</Filter>
    </ClCompile>
    <ClCompile Include="Problems\YourAgeInDays.cpp">
      <Filter>Problems</Filter>
    </ClCompile>
    <ClCompile Include="Problems\CheckOverlapPeriods.cpp">
      <Filter>Problems</Filter>
    </ClCompile>
    <ClCompile Include="Problems\CountOverlapDays.cpp">
      <Filter>Problems</Filter>
    </ClCompile>
    <ClCompile Include="Problems\IsDateWithinPeriod.cpp">
      <Filter>Problems</Filter>
    </ClCompile>
    <ClCompile Include="Problems\PeriodLengthInDays.cpp">
      <Filter>Problems</Filter>
    </ClCompile>
  </ItemGroup>
</Project>